// !$*UTF8*$!
{
	archiveVersion = 1;
	classes = {
	};
	objectVersion = 46;
	objects = {

/* Begin PBXBuildFile section */
		CC2E2B5821DC696A00845972 /* KakaoOpenSDK.framework in Frameworks */ = {isa = PBXBuildFile; fileRef = CC2E2B5721DC696A00845972 /* KakaoOpenSDK.framework */; };
		CC4BCC9F1EBF2F55005E637B /* ReactNativeKakao.m in Sources */ = {isa = PBXBuildFile; fileRef = CC4BCC9E1EBF2F55005E637B /* ReactNativeKakao.m */; };
		CC4BCCA01EBF2F55005E637B /* ReactNativeKakao.h in CopyFiles */ = {isa = PBXBuildFile; fileRef = CC4BCC9D1EBF2F55005E637B /* ReactNativeKakao.h */; };
/* End PBXBuildFile section */

/* Begin PBXCopyFilesBuildPhase section */
		CC4BCC981EBF2F55005E637B /* CopyFiles */ = {
			isa = PBXCopyFilesBuildPhase;
			buildActionMask = 2147483647;
			dstPath = "include/$(PRODUCT_NAME)";
			dstSubfolderSpec = 16;
			files = (
				CC4BCCA01EBF2F55005E637B /* ReactNativeKakao.h in CopyFiles */,
			);
			runOnlyForDeploymentPostprocessing = 0;
		};
/* End PBXCopyFilesBuildPhase section */

/* Begin PBXFileReference section */
		CC2E2B5721DC696A00845972 /* KakaoOpenSDK.framework */ = {isa = PBXFileReference; lastKnownFileType = wrapper.framework; path = KakaoOpenSDK.framework; sourceTree = "<group>"; };
		CC4BCC9A1EBF2F55005E637B /* libReactNativeKakao.a */ = {isa = PBXFileReference; explicitFileType = archive.ar; includeInIndex = 0; path = libReactNativeKakao.a; sourceTree = BUILT_PRODUCTS_DIR; };
		CC4BCC9D1EBF2F55005E637B /* ReactNativeKakao.h */ = {isa = PBXFileReference; lastKnownFileType = sourcecode.c.h; path = ReactNativeKakao.h; sourceTree = "<group>"; };
		CC4BCC9E1EBF2F55005E637B /* ReactNativeKakao.m */ = {isa = PBXFileReference; lastKnownFileType = sourcecode.c.objc; path = ReactNativeKakao.m; sourceTree = "<group>"; };
/* End PBXFileReference section */

/* Begin PBXFrameworksBuildPhase section */
		CC4BCC971EBF2F55005E637B /* Frameworks */ = {
			isa = PBXFrameworksBuildPhase;
			buildActionMask = 2147483647;
			files = (
				CC2E2B5821DC696A00845972 /* KakaoOpenSDK.framework in Frameworks */,
			);
			runOnlyForDeploymentPostprocessing = 0;
		};
/* End PBXFrameworksBuildPhase section */

/* Begin PBXGroup section */
		CC4BCC911EBF2F55005E637B = {
			isa = PBXGroup;
			children = (
				CC4BCCA61EBF2F82005E637B /* Frameworks */,
				CC4BCC9C1EBF2F55005E637B /* ReactNativeKakao */,
				CC4BCC9B1EBF2F55005E637B /* Products */,
			);
			sourceTree = "<group>";
		};
		CC4BCC9B1EBF2F55005E637B /* Products */ = {
			isa = PBXGroup;
			children = (
				CC4BCC9A1EBF2F55005E637B /* libReactNativeKakao.a */,
			);
			name = Products;
			sourceTree = "<group>";
		};
		CC4BCC9C1EBF2F55005E637B /* ReactNativeKakao */ = {
			isa = PBXGroup;
			children = (
				CC4BCC9D1EBF2F55005E637B /* ReactNativeKakao.h */,
				CC4BCC9E1EBF2F55005E637B /* ReactNativeKakao.m */,
			);
			path = ReactNativeKakao;
			sourceTree = "<group>";
		};
		CC4BCCA61EBF2F82005E637B /* Frameworks */ = {
			isa = PBXGroup;
			children = (
				CC2E2B5721DC696A00845972 /* KakaoOpenSDK.framework */,
			);
			name = Frameworks;
			sourceTree = "<group>";
		};
/* End PBXGroup section */

/* Begin PBXNativeTarget section */
		CC4BCC991EBF2F55005E637B /* ReactNativeKakao */ = {
			isa = PBXNativeTarget;
			buildConfigurationList = CC4BCCA31EBF2F55005E637B /* Build configuration list for PBXNativeTarget "ReactNativeKakao" */;
			buildPhases = (
				CC4BCC961EBF2F55005E637B /* Sources */,
				CC4BCC971EBF2F55005E637B /* Frameworks */,
				CC4BCC981EBF2F55005E637B /* CopyFiles */,
			);
			buildRules = (
			);
			dependencies = (
			);
			name = ReactNativeKakao;
			productName = ReactNativeKakao;
			productReference = CC4BCC9A1EBF2F55005E637B /* libReactNativeKakao.a */;
			productType = "com.apple.product-type.library.static";
		};
/* End PBXNativeTarget section */

/* Begin PBXProject section */
		CC4BCC921EBF2F55005E637B /* Project object */ = {
			isa = PBXProject;
			attributes = {
				LastUpgradeCheck = 1010;
				ORGANIZATIONNAME = jeffgukang;
				TargetAttributes = {
					CC4BCC991EBF2F55005E637B = {
						CreatedOnToolsVersion = 8.3.2;
						DevelopmentTeam = Y6GC6TMAJ2;
						ProvisioningStyle = Automatic;
					};
				};
			};
			buildConfigurationList = CC4BCC951EBF2F55005E637B /* Build configuration list for PBXProject "ReactNativeKakao" */;
			compatibilityVersion = "Xcode 3.2";
			developmentRegion = English;
			hasScannedForEncodings = 0;
			knownRegions = (
				en,
			);
			mainGroup = CC4BCC911EBF2F55005E637B;
			productRefGroup = CC4BCC9B1EBF2F55005E637B /* Products */;
			projectDirPath = "";
			projectRoot = "";
			targets = (
				CC4BCC991EBF2F55005E637B /* ReactNativeKakao */,
			);
		};
/* End PBXProject section */

/* Begin PBXSourcesBuildPhase section */
		CC4BCC961EBF2F55005E637B /* Sources */ = {
			isa = PBXSourcesBuildPhase;
			buildActionMask = 2147483647;
			files = (
				CC4BCC9F1EBF2F55005E637B /* ReactNativeKakao.m in Sources */,
			);
			runOnlyForDeploymentPostprocessing = 0;
		};
/* End PBXSourcesBuildPhase section */

/* Begin XCBuildConfiguration section */
		CC4BCCA11EBF2F55005E637B /* Debug */ = {
			isa = XCBuildConfiguration;
			buildSettings = {
				ALWAYS_SEARCH_USER_PATHS = NO;
				CLANG_ANALYZER_NONNULL = YES;
				CLANG_ANALYZER_NUMBER_OBJECT_CONVERSION = YES_AGGRESSIVE;
				CLANG_CXX_LANGUAGE_STANDARD = "gnu++0x";
				CLANG_CXX_LIBRARY = "libc++";
				CLANG_ENABLE_MODULES = YES;
				CLANG_ENABLE_OBJC_ARC = YES;
				CLANG_WARN_BLOCK_CAPTURE_AUTORELEASING = YES;
				CLANG_WARN_BOOL_CONVERSION = YES;
				CLANG_WARN_COMMA = YES;
				CLANG_WARN_CONSTANT_CONVERSION = YES;
				CLANG_WARN_DEPRECATED_OBJC_IMPLEMENTATIONS = YES;
				CLANG_WARN_DIRECT_OBJC_ISA_USAGE = YES_ERROR;
				CLANG_WARN_DOCUMENTATION_COMMENTS = YES;
				CLANG_WARN_EMPTY_BODY = YES;
				CLANG_WARN_ENUM_CONVERSION = YES;
				CLANG_WARN_INFINITE_RECURSION = YES;
				CLANG_WARN_INT_CONVERSION = YES;
				CLANG_WARN_NON_LITERAL_NULL_CONVERSION = YES;
				CLANG_WARN_OBJC_IMPLICIT_RETAIN_SELF = YES;
				CLANG_WARN_OBJC_LITERAL_CONVERSION = YES;
				CLANG_WARN_OBJC_ROOT_CLASS = YES_ERROR;
				CLANG_WARN_RANGE_LOOP_ANALYSIS = YES;
				CLANG_WARN_STRICT_PROTOTYPES = YES;
				CLANG_WARN_SUSPICIOUS_MOVE = YES;
				CLANG_WARN_UNREACHABLE_CODE = YES;
				CLANG_WARN__DUPLICATE_METHOD_MATCH = YES;
				"CODE_SIGN_IDENTITY[sdk=iphoneos*]" = "iPhone Developer";
				COPY_PHASE_STRIP = NO;
				DEBUG_INFORMATION_FORMAT = dwarf;
				ENABLE_STRICT_OBJC_MSGSEND = YES;
				ENABLE_TESTABILITY = YES;
				GCC_C_LANGUAGE_STANDARD = gnu99;
				GCC_DYNAMIC_NO_PIC = NO;
				GCC_NO_COMMON_BLOCKS = YES;
				GCC_OPTIMIZATION_LEVEL = 0;
				GCC_PREPROCESSOR_DEFINITIONS = (
					"DEBUG=1",
					"$(inherited)",
				);
				GCC_WARN_64_TO_32_BIT_CONVERSION = YES;
				GCC_WARN_ABOUT_RETURN_TYPE = YES_ERROR;
				GCC_WARN_UNDECLARED_SELECTOR = YES;
				GCC_WARN_UNINITIALIZED_AUTOS = YES_AGGRESSIVE;
				GCC_WARN_UNUSED_FUNCTION = YES;
				GCC_WARN_UNUSED_VARIABLE = YES;
				IPHONEOS_DEPLOYMENT_TARGET = 10.3;
				MTL_ENABLE_DEBUG_INFO = YES;
				ONLY_ACTIVE_ARCH = YES;
				SDKROOT = iphoneos;
				VALID_ARCHS = "arm64 arm64e armv7 armv7s i386 x86_64";
			};
			name = Debug;
		};
		CC4BCCA21EBF2F55005E637B /* Release */ = {
			isa = XCBuildConfiguration;
			buildSettings = {
				ALWAYS_SEARCH_USER_PATHS = NO;
				CLANG_ANALYZER_NONNULL = YES;
				CLANG_ANALYZER_NUMBER_OBJECT_CONVERSION = YES_AGGRESSIVE;
				CLANG_CXX_LANGUAGE_STANDARD = "gnu++0x";
				CLANG_CXX_LIBRARY = "libc++";
				CLANG_ENABLE_MODULES = YES;
				CLANG_ENABLE_OBJC_ARC = YES;
				CLANG_WARN_BLOCK_CAPTURE_AUTORELEASING = YES;
				CLANG_WARN_BOOL_CONVERSION = YES;
				CLANG_WARN_COMMA = YES;
				CLANG_WARN_CONSTANT_CONVERSION = YES;
				CLANG_WARN_DEPRECATED_OBJC_IMPLEMENTATIONS = YES;
				CLANG_WARN_DIRECT_OBJC_ISA_USAGE = YES_ERROR;
				CLANG_WARN_DOCUMENTATION_COMMENTS = YES;
				CLANG_WARN_EMPTY_BODY = YES;
				CLANG_WARN_ENUM_CONVERSION = YES;
				CLANG_WARN_INFINITE_RECURSION = YES;
				CLANG_WARN_INT_CONVERSION = YES;
				CLANG_WARN_NON_LITERAL_NULL_CONVERSION = YES;
				CLANG_WARN_OBJC_IMPLICIT_RETAIN_SELF = YES;
				CLANG_WARN_OBJC_LITERAL_CONVERSION = YES;
				CLANG_WARN_OBJC_ROOT_CLASS = YES_ERROR;
				CLANG_WARN_RANGE_LOOP_ANALYSIS = YES;
				CLANG_WARN_STRICT_PROTOTYPES = YES;
				CLANG_WARN_SUSPICIOUS_MOVE = YES;
				CLANG_WARN_UNREACHABLE_CODE = YES;
				CLANG_WARN__DUPLICATE_METHOD_MATCH = YES;
				"CODE_SIGN_IDENTITY[sdk=iphoneos*]" = "iPhone Developer";
				COPY_PHASE_STRIP = NO;
				DEBUG_INFORMATION_FORMAT = "dwarf-with-dsym";
				ENABLE_NS_ASSERTIONS = NO;
				ENABLE_STRICT_OBJC_MSGSEND = YES;
				GCC_C_LANGUAGE_STANDARD = gnu99;
				GCC_NO_COMMON_BLOCKS = YES;
				GCC_WARN_64_TO_32_BIT_CONVERSION = YES;
				GCC_WARN_ABOUT_RETURN_TYPE = YES_ERROR;
				GCC_WARN_UNDECLARED_SELECTOR = YES;
				GCC_WARN_UNINITIALIZED_AUTOS = YES_AGGRESSIVE;
				GCC_WARN_UNUSED_FUNCTION = YES;
				GCC_WARN_UNUSED_VARIABLE = YES;
				IPHONEOS_DEPLOYMENT_TARGET = 10.3;
				MTL_ENABLE_DEBUG_INFO = NO;
				SDKROOT = iphoneos;
				VALIDATE_PRODUCT = YES;
				VALID_ARCHS = "arm64 arm64e armv7 armv7s i386 x86_64";
			};
			name = Release;
		};
		CC4BCCA41EBF2F55005E637B /* Debug */ = {
			isa = XCBuildConfiguration;
			buildSettings = {
				DEVELOPMENT_TEAM = Y6GC6TMAJ2;
				FRAMEWORK_SEARCH_PATHS = (
					"$(inherited)",
					"$(PROJECT_DIR)",
				);
				OTHER_LDFLAGS = (
					"-ObjC",
					"-all_load",
				);
				PRODUCT_NAME = "$(TARGET_NAME)";
				SKIP_INSTALL = YES;
			};
			name = Debug;
		};
		CC4BCCA51EBF2F55005E637B /* Release */ = {
			isa = XCBuildConfiguration;
			buildSettings = {
				DEVELOPMENT_TEAM = Y6GC6TMAJ2;
				FRAMEWORK_SEARCH_PATHS = (
					"$(inherited)",
					"$(PROJECT_DIR)",
				);
				OTHER_LDFLAGS = (
					"-ObjC",
					"-all_load",
				);
				PRODUCT_NAME = "$(TARGET_NAME)";
				SKIP_INSTALL = YES;
			};
			name = Release;
		};
/* End XCBuildConfiguration section */

/* Begin XCConfigurationList section */
		CC4BCC951EBF2F55005E637B /* Build configuration list for PBXProject "ReactNativeKakao" */ = {
			isa = XCConfigurationList;
			buildConfigurations = (
				CC4BCCA11EBF2F55005E637B /* Debug */,
				CC4BCCA21EBF2F55005E637B /* Release */,
			);
			defaultConfigurationIsVisible = 0;
			defaultConfigurationName = Release;
		};
		CC4BCCA31EBF2F55005E637B /* Build configuration list for PBXNativeTarget "ReactNativeKakao" */ = {
			isa = XCConfigurationList;
			buildConfigurations = (
				CC4BCCA41EBF2F55005E637B /* Debug */,
				CC4BCCA51EBF2F55005E637B /* Release */,
			);
			defaultConfigurationIsVisible = 0;
			defaultConfigurationName = Release;
		};
/* End XCConfigurationList section */
	};
	rootObject = CC4BCC921EBF2F55005E637B /* Project object */;
}
