// !$*UTF8*$!
{
	archiveVersion = 1;
	classes = {
	};
	objectVersion = 46;
	objects = {

/* Begin PBXBuildFile section */
		CC570EF71EAD219C009D7292 /* ReactNativeKakao.m in Sources */ = {isa = PBXBuildFile; fileRef = CC570EF61EAD219C009D7292 /* ReactNativeKakao.m */; };
		CC9ED4F31EBF135400F9C62A /* ReactNativeKakao.h in CopyFiles */ = {isa = PBXBuildFile; fileRef = CC570EF51EAD219C009D7292 /* ReactNativeKakao.h */; };
		CC9ED62E1EBF205F00F9C62A /* KakaoOpenSDK.framework in Frameworks */ = {isa = PBXBuildFile; fileRef = CC9ED6021EBF1F0700F9C62A /* KakaoOpenSDK.framework */; };
/* End PBXBuildFile section */

/* Begin PBXCopyFilesBuildPhase section */
		CC570EF01EAD219C009D7292 /* CopyFiles */ = {
			isa = PBXCopyFilesBuildPhase;
			buildActionMask = 12;
			dstPath = "include/$(PRODUCT_NAME)";
			dstSubfolderSpec = 16;
			files = (
				CC9ED4F31EBF135400F9C62A /* ReactNativeKakao.h in CopyFiles */,
			);
			runOnlyForDeploymentPostprocessing = 0;
		};
/* End PBXCopyFilesBuildPhase section */

/* Begin PBXFileReference section */
		CC570EF21EAD219C009D7292 /* libReactNativeKakao.a */ = {isa = PBXFileReference; explicitFileType = archive.ar; includeInIndex = 0; path = libReactNativeKakao.a; sourceTree = BUILT_PRODUCTS_DIR; };
		CC570EF51EAD219C009D7292 /* ReactNativeKakao.h */ = {isa = PBXFileReference; lastKnownFileType = sourcecode.c.h; path = ReactNativeKakao.h; sourceTree = "<group>"; };
		CC570EF61EAD219C009D7292 /* ReactNativeKakao.m */ = {isa = PBXFileReference; lastKnownFileType = sourcecode.c.objc; path = ReactNativeKakao.m; sourceTree = "<group>"; };
		CC9ED6021EBF1F0700F9C62A /* KakaoOpenSDK.framework */ = {isa = PBXFileReference; lastKnownFileType = wrapper.framework; path = KakaoOpenSDK.framework; sourceTree = "<group>"; };
/* End PBXFileReference section */

/* Begin PBXFrameworksBuildPhase section */
		CC570EEF1EAD219C009D7292 /* Frameworks */ = {
			isa = PBXFrameworksBuildPhase;
			buildActionMask = 2147483647;
			files = (
				CC9ED62E1EBF205F00F9C62A /* KakaoOpenSDK.framework in Frameworks */,
			);
			runOnlyForDeploymentPostprocessing = 0;
		};
/* End PBXFrameworksBuildPhase section */

/* Begin PBXGroup section */
		CC570EE91EAD219C009D7292 = {
			isa = PBXGroup;
			children = (
				CC9ED6021EBF1F0700F9C62A /* KakaoOpenSDK.framework */,
				CC570EF41EAD219C009D7292 /* ReactNativeKakao */,
				CC570EF31EAD219C009D7292 /* Products */,
			);
			sourceTree = "<group>";
		};
		CC570EF31EAD219C009D7292 /* Products */ = {
			isa = PBXGroup;
			children = (
				CC570EF21EAD219C009D7292 /* libReactNativeKakao.a */,
			);
			name = Products;
			sourceTree = "<group>";
		};
		CC570EF41EAD219C009D7292 /* ReactNativeKakao */ = {
			isa = PBXGroup;
			children = (
				CC570EF51EAD219C009D7292 /* ReactNativeKakao.h */,
				CC570EF61EAD219C009D7292 /* ReactNativeKakao.m */,
			);
			path = ReactNativeKakao;
			sourceTree = "<group>";
		};
/* End PBXGroup section */

/* Begin PBXNativeTarget section */
		CC570EF11EAD219C009D7292 /* ReactNativeKakao */ = {
			isa = PBXNativeTarget;
			buildConfigurationList = CC570EFB1EAD219C009D7292 /* Build configuration list for PBXNativeTarget "ReactNativeKakao" */;
			buildPhases = (
				CC570EEE1EAD219C009D7292 /* Sources */,
				CC570EEF1EAD219C009D7292 /* Frameworks */,
				CC570EF01EAD219C009D7292 /* CopyFiles */,
			);
			buildRules = (
			);
			dependencies = (
			);
			name = ReactNativeKakao;
			productName = ReactNativeKakao;
			productReference = CC570EF21EAD219C009D7292 /* libReactNativeKakao.a */;
			productType = "com.apple.product-type.library.static";
		};
/* End PBXNativeTarget section */

/* Begin PBXProject section */
		CC570EEA1EAD219C009D7292 /* Project object */ = {
			isa = PBXProject;
			attributes = {
				LastUpgradeCheck = 0820;
				ORGANIZATIONNAME = jeffgukang;
				TargetAttributes = {
					CC570EF11EAD219C009D7292 = {
						CreatedOnToolsVersion = 8.2.1;
						DevelopmentTeam = Y6GC6TMAJ2;
						ProvisioningStyle = Automatic;
					};
				};
			};
			buildConfigurationList = CC570EED1EAD219C009D7292 /* Build configuration list for PBXProject "ReactNativeKakao" */;
			compatibilityVersion = "Xcode 3.2";
			developmentRegion = English;
			hasScannedForEncodings = 0;
			knownRegions = (
				en,
			);
			mainGroup = CC570EE91EAD219C009D7292;
			productRefGroup = CC570EF31EAD219C009D7292 /* Products */;
			projectDirPath = "";
			projectRoot = "";
			targets = (
				CC570EF11EAD219C009D7292 /* ReactNativeKakao */,
			);
		};
/* End PBXProject section */

/* Begin PBXSourcesBuildPhase section */
		CC570EEE1EAD219C009D7292 /* Sources */ = {
			isa = PBXSourcesBuildPhase;
			buildActionMask = 2147483647;
			files = (
				CC570EF71EAD219C009D7292 /* ReactNativeKakao.m in Sources */,
			);
			runOnlyForDeploymentPostprocessing = 0;
		};
/* End PBXSourcesBuildPhase section */

/* Begin XCBuildConfiguration section */
		CC570EF91EAD219C009D7292 /* Debug */ = {
			isa = XCBuildConfiguration;
			buildSettings = {
				ALWAYS_SEARCH_USER_PATHS = NO;
				CLANG_ANALYZER_NONNULL = YES;
				CLANG_CXX_LANGUAGE_STANDARD = "gnu++0x";
				CLANG_CXX_LIBRARY = "libc++";
				CLANG_ENABLE_MODULES = YES;
				CLANG_ENABLE_OBJC_ARC = YES;
				CLANG_WARN_BOOL_CONVERSION = YES;
				CLANG_WARN_CONSTANT_CONVERSION = YES;
				CLANG_WARN_DIRECT_OBJC_ISA_USAGE = YES_ERROR;
				CLANG_WARN_DOCUMENTATION_COMMENTS = YES;
				CLANG_WARN_EMPTY_BODY = YES;
				CLANG_WARN_ENUM_CONVERSION = YES;
				CLANG_WARN_INFINITE_RECURSION = YES;
				CLANG_WARN_INT_CONVERSION = YES;
				CLANG_WARN_OBJC_ROOT_CLASS = YES_ERROR;
				CLANG_WARN_SUSPICIOUS_MOVE = YES;
				CLANG_WARN_UNREACHABLE_CODE = YES;
				CLANG_WARN__DUPLICATE_METHOD_MATCH = YES;
				"CODE_SIGN_IDENTITY[sdk=iphoneos*]" = "iPhone Developer";
				COPY_PHASE_STRIP = NO;
				DEBUG_INFORMATION_FORMAT = dwarf;
				ENABLE_STRICT_OBJC_MSGSEND = YES;
				ENABLE_TESTABILITY = YES;
				GCC_C_LANGUAGE_STANDARD = gnu99;
				GCC_DYNAMIC_NO_PIC = NO;
				GCC_NO_COMMON_BLOCKS = YES;
				GCC_OPTIMIZATION_LEVEL = 0;
				GCC_PREPROCESSOR_DEFINITIONS = (
					"DEBUG=1",
					"$(inherited)",
				);
				GCC_WARN_64_TO_32_BIT_CONVERSION = YES;
				GCC_WARN_ABOUT_RETURN_TYPE = YES_ERROR;
				GCC_WARN_UNDECLARED_SELECTOR = YES;
				GCC_WARN_UNINITIALIZED_AUTOS = YES_AGGRESSIVE;
				GCC_WARN_UNUSED_FUNCTION = YES;
				GCC_WARN_UNUSED_VARIABLE = YES;
				IPHONEOS_DEPLOYMENT_TARGET = 10.2;
				MTL_ENABLE_DEBUG_INFO = YES;
				ONLY_ACTIVE_ARCH = YES;
				SDKROOT = iphoneos;
			};
			name = Debug;
		};
		CC570EFA1EAD219C009D7292 /* Release */ = {
			isa = XCBuildConfiguration;
			buildSettings = {
				ALWAYS_SEARCH_USER_PATHS = NO;
				CLANG_ANALYZER_NONNULL = YES;
				CLANG_CXX_LANGUAGE_STANDARD = "gnu++0x";
				CLANG_CXX_LIBRARY = "libc++";
				CLANG_ENABLE_MODULES = YES;
				CLANG_ENABLE_OBJC_ARC = YES;
				CLANG_WARN_BOOL_CONVERSION = YES;
				CLANG_WARN_CONSTANT_CONVERSION = YES;
				CLANG_WARN_DIRECT_OBJC_ISA_USAGE = YES_ERROR;
				CLANG_WARN_DOCUMENTATION_COMMENTS = YES;
				CLANG_WARN_EMPTY_BODY = YES;
				CLANG_WARN_ENUM_CONVERSION = YES;
				CLANG_WARN_INFINITE_RECURSION = YES;
				CLANG_WARN_INT_CONVERSION = YES;
				CLANG_WARN_OBJC_ROOT_CLASS = YES_ERROR;
				CLANG_WARN_SUSPICIOUS_MOVE = YES;
				CLANG_WARN_UNREACHABLE_CODE = YES;
				CLANG_WARN__DUPLICATE_METHOD_MATCH = YES;
				"CODE_SIGN_IDENTITY[sdk=iphoneos*]" = "iPhone Developer";
				COPY_PHASE_STRIP = NO;
				DEBUG_INFORMATION_FORMAT = "dwarf-with-dsym";
				ENABLE_NS_ASSERTIONS = NO;
				ENABLE_STRICT_OBJC_MSGSEND = YES;
				GCC_C_LANGUAGE_STANDARD = gnu99;
				GCC_NO_COMMON_BLOCKS = YES;
				GCC_WARN_64_TO_32_BIT_CONVERSION = YES;
				GCC_WARN_ABOUT_RETURN_TYPE = YES_ERROR;
				GCC_WARN_UNDECLARED_SELECTOR = YES;
				GCC_WARN_UNINITIALIZED_AUTOS = YES_AGGRESSIVE;
				GCC_WARN_UNUSED_FUNCTION = YES;
				GCC_WARN_UNUSED_VARIABLE = YES;
				IPHONEOS_DEPLOYMENT_TARGET = 10.2;
				MTL_ENABLE_DEBUG_INFO = NO;
				SDKROOT = iphoneos;
				VALIDATE_PRODUCT = YES;
			};
			name = Release;
		};
		CC570EFC1EAD219C009D7292 /* Debug */ = {
			isa = XCBuildConfiguration;
			buildSettings = {
				ALWAYS_EMBED_SWIFT_STANDARD_LIBRARIES = NO;
				DEVELOPMENT_TEAM = Y6GC6TMAJ2;
				FRAMEWORK_SEARCH_PATHS = (
					"$(inherited)",
					"$(PROJECT_DIR)",
				);
				HEADER_SEARCH_PATHS = (
					"$(PROJECT_DIR)/**",
					"$(SRCROOT)/**",
				);
				OTHER_LDFLAGS = (
					"-ObjC",
					"-all_load",
				);
				PRODUCT_NAME = "$(TARGET_NAME)";
				SKIP_INSTALL = YES;
			};
			name = Debug;
		};
		CC570EFD1EAD219C009D7292 /* Release */ = {
			isa = XCBuildConfiguration;
			buildSettings = {
				ALWAYS_EMBED_SWIFT_STANDARD_LIBRARIES = NO;
				DEVELOPMENT_TEAM = Y6GC6TMAJ2;
				FRAMEWORK_SEARCH_PATHS = (
					"$(inherited)",
					"$(PROJECT_DIR)",
				);
				HEADER_SEARCH_PATHS = (
					"$(PROJECT_DIR)/**",
					"$(SRCROOT)/**",
				);
				OTHER_LDFLAGS = (
					"-ObjC",
					"-all_load",
				);
				PRODUCT_NAME = "$(TARGET_NAME)";
				SKIP_INSTALL = YES;
			};
			name = Release;
		};
/* End XCBuildConfiguration section */

/* Begin XCConfigurationList section */
		CC570EED1EAD219C009D7292 /* Build configuration list for PBXProject "ReactNativeKakao" */ = {
			isa = XCConfigurationList;
			buildConfigurations = (
				CC570EF91EAD219C009D7292 /* Debug */,
				CC570EFA1EAD219C009D7292 /* Release */,
			);
			defaultConfigurationIsVisible = 0;
			defaultConfigurationName = Release;
		};
		CC570EFB1EAD219C009D7292 /* Build configuration list for PBXNativeTarget "ReactNativeKakao" */ = {
			isa = XCConfigurationList;
			buildConfigurations = (
				CC570EFC1EAD219C009D7292 /* Debug */,
				CC570EFD1EAD219C009D7292 /* Release */,
			);
			defaultConfigurationIsVisible = 0;
			defaultConfigurationName = Release;
		};
/* End XCConfigurationList section */
	};
	rootObject = CC570EEA1EAD219C009D7292 /* Project object */;
}
